// !$*UTF8*$!
{
	archiveVersion = 1;
	classes = {
	};
	objectVersion = 50;
	objects = {

/* Begin PBXBuildFile section */
		6C7DEA1921D5FFF3008E9A7A /* AppDelegate.swift in Sources */ = {isa = PBXBuildFile; fileRef = 6C7DEA1821D5FFF3008E9A7A /* AppDelegate.swift */; };
		6C7DEA1B21D5FFF3008E9A7A /* ViewController.swift in Sources */ = {isa = PBXBuildFile; fileRef = 6C7DEA1A21D5FFF3008E9A7A /* ViewController.swift */; };
		6C7DEA1E21D5FFF3008E9A7A /* Main.storyboard in Resources */ = {isa = PBXBuildFile; fileRef = 6C7DEA1C21D5FFF3008E9A7A /* Main.storyboard */; };
		6C7DEA2021D5FFF5008E9A7A /* Assets.xcassets in Resources */ = {isa = PBXBuildFile; fileRef = 6C7DEA1F21D5FFF5008E9A7A /* Assets.xcassets */; };
		6C7DEA2321D5FFF5008E9A7A /* LaunchScreen.storyboard in Resources */ = {isa = PBXBuildFile; fileRef = 6C7DEA2121D5FFF5008E9A7A /* LaunchScreen.storyboard */; };
		6C7DEA2E21D5FFF5008E9A7A /* BTProgressViewExampleTests.swift in Sources */ = {isa = PBXBuildFile; fileRef = 6C7DEA2D21D5FFF5008E9A7A /* BTProgressViewExampleTests.swift */; };
		FECADD37230EA554000BDFCE /* BTProgressView.h in Headers */ = {isa = PBXBuildFile; fileRef = FECADD35230EA554000BDFCE /* BTProgressView.h */; settings = {ATTRIBUTES = (Public, ); }; };
		FECADD3A230EA554000BDFCE /* BTProgressView.framework in Frameworks */ = {isa = PBXBuildFile; fileRef = FECADD33230EA554000BDFCE /* BTProgressView.framework */; };
		FECADD3B230EA554000BDFCE /* BTProgressView.framework in Embed Frameworks */ = {isa = PBXBuildFile; fileRef = FECADD33230EA554000BDFCE /* BTProgressView.framework */; settings = {ATTRIBUTES = (CodeSignOnCopy, RemoveHeadersOnCopy, ); }; };
		FECADD40230EA570000BDFCE /* ProgressBarAnimation.swift in Sources */ = {isa = PBXBuildFile; fileRef = 6C9C75B221E4A18D000D41F8 /* ProgressBarAnimation.swift */; };
		FECADD41230EA571000BDFCE /* ProgressComputation.swift in Sources */ = {isa = PBXBuildFile; fileRef = 6CEDE9A121E73C5400797AEA /* ProgressComputation.swift */; };
		FECADD42230EA571000BDFCE /* ProgressIconAnimation.swift in Sources */ = {isa = PBXBuildFile; fileRef = 6C8920E221E5FE7900322BC0 /* ProgressIconAnimation.swift */; };
		FECADD44230EA58F000BDFCE /* CALayerExtension.swift in Sources */ = {isa = PBXBuildFile; fileRef = FE46277022E44A8100E880D1 /* CALayerExtension.swift */; };
		FECADD45230EA58F000BDFCE /* Path.swift in Sources */ = {isa = PBXBuildFile; fileRef = FE721A9822F7557200986E3F /* Path.swift */; };
		FECADD47230EAB0A000BDFCE /* BTProgressView.swift in Sources */ = {isa = PBXBuildFile; fileRef = FECADD46230EAB0A000BDFCE /* BTProgressView.swift */; };
/* End PBXBuildFile section */

/* Begin PBXContainerItemProxy section */
		6C7DEA2A21D5FFF5008E9A7A /* PBXContainerItemProxy */ = {
			isa = PBXContainerItemProxy;
			containerPortal = 6C7DEA0D21D5FFF3008E9A7A /* Project object */;
			proxyType = 1;
			remoteGlobalIDString = 6C7DEA1421D5FFF3008E9A7A;
			remoteInfo = BTDownloadingBounceEffect;
		};
		FECADD38230EA554000BDFCE /* PBXContainerItemProxy */ = {
			isa = PBXContainerItemProxy;
			containerPortal = 6C7DEA0D21D5FFF3008E9A7A /* Project object */;
			proxyType = 1;
			remoteGlobalIDString = FECADD32230EA554000BDFCE;
			remoteInfo = BTProgressView;
		};
/* End PBXContainerItemProxy section */

/* Begin PBXCopyFilesBuildPhase section */
		FECADD3F230EA554000BDFCE /* Embed Frameworks */ = {
			isa = PBXCopyFilesBuildPhase;
			buildActionMask = 2147483647;
			dstPath = "";
			dstSubfolderSpec = 10;
			files = (
				FECADD3B230EA554000BDFCE /* BTProgressView.framework in Embed Frameworks */,
			);
			name = "Embed Frameworks";
			runOnlyForDeploymentPostprocessing = 0;
		};
/* End PBXCopyFilesBuildPhase section */

/* Begin PBXFileReference section */
		6C7DEA1521D5FFF3008E9A7A /* BTProgressViewExample.app */ = {isa = PBXFileReference; explicitFileType = wrapper.application; includeInIndex = 0; path = BTProgressViewExample.app; sourceTree = BUILT_PRODUCTS_DIR; };
		6C7DEA1821D5FFF3008E9A7A /* AppDelegate.swift */ = {isa = PBXFileReference; lastKnownFileType = sourcecode.swift; path = AppDelegate.swift; sourceTree = "<group>"; };
		6C7DEA1A21D5FFF3008E9A7A /* ViewController.swift */ = {isa = PBXFileReference; lastKnownFileType = sourcecode.swift; path = ViewController.swift; sourceTree = "<group>"; };
		6C7DEA1D21D5FFF3008E9A7A /* Base */ = {isa = PBXFileReference; lastKnownFileType = file.storyboard; name = Base; path = Base.lproj/Main.storyboard; sourceTree = "<group>"; };
		6C7DEA1F21D5FFF5008E9A7A /* Assets.xcassets */ = {isa = PBXFileReference; lastKnownFileType = folder.assetcatalog; path = Assets.xcassets; sourceTree = "<group>"; };
		6C7DEA2221D5FFF5008E9A7A /* Base */ = {isa = PBXFileReference; lastKnownFileType = file.storyboard; name = Base; path = Base.lproj/LaunchScreen.storyboard; sourceTree = "<group>"; };
		6C7DEA2421D5FFF5008E9A7A /* Info.plist */ = {isa = PBXFileReference; lastKnownFileType = text.plist.xml; path = Info.plist; sourceTree = "<group>"; };
		6C7DEA2921D5FFF5008E9A7A /* BTProgressViewExampleTests.xctest */ = {isa = PBXFileReference; explicitFileType = wrapper.cfbundle; includeInIndex = 0; path = BTProgressViewExampleTests.xctest; sourceTree = BUILT_PRODUCTS_DIR; };
		6C7DEA2D21D5FFF5008E9A7A /* BTProgressViewExampleTests.swift */ = {isa = PBXFileReference; lastKnownFileType = sourcecode.swift; path = BTProgressViewExampleTests.swift; sourceTree = "<group>"; };
		6C7DEA2F21D5FFF5008E9A7A /* Info.plist */ = {isa = PBXFileReference; lastKnownFileType = text.plist.xml; path = Info.plist; sourceTree = "<group>"; };
		6C8920E221E5FE7900322BC0 /* ProgressIconAnimation.swift */ = {isa = PBXFileReference; lastKnownFileType = sourcecode.swift; path = ProgressIconAnimation.swift; sourceTree = "<group>"; };
		6C9C75B221E4A18D000D41F8 /* ProgressBarAnimation.swift */ = {isa = PBXFileReference; lastKnownFileType = sourcecode.swift; path = ProgressBarAnimation.swift; sourceTree = "<group>"; };
		6CEDE9A121E73C5400797AEA /* ProgressComputation.swift */ = {isa = PBXFileReference; lastKnownFileType = sourcecode.swift; path = ProgressComputation.swift; sourceTree = "<group>"; };
		FE46277022E44A8100E880D1 /* CALayerExtension.swift */ = {isa = PBXFileReference; lastKnownFileType = sourcecode.swift; path = CALayerExtension.swift; sourceTree = "<group>"; };
		FE721A9822F7557200986E3F /* Path.swift */ = {isa = PBXFileReference; lastKnownFileType = sourcecode.swift; path = Path.swift; sourceTree = "<group>"; };
		FECADD33230EA554000BDFCE /* BTProgressView.framework */ = {isa = PBXFileReference; explicitFileType = wrapper.framework; includeInIndex = 0; path = BTProgressView.framework; sourceTree = BUILT_PRODUCTS_DIR; };
		FECADD35230EA554000BDFCE /* BTProgressView.h */ = {isa = PBXFileReference; lastKnownFileType = sourcecode.c.h; path = BTProgressView.h; sourceTree = "<group>"; };
		FECADD36230EA554000BDFCE /* Info.plist */ = {isa = PBXFileReference; lastKnownFileType = text.plist.xml; path = Info.plist; sourceTree = "<group>"; };
		FECADD46230EAB0A000BDFCE /* BTProgressView.swift */ = {isa = PBXFileReference; fileEncoding = 4; lastKnownFileType = sourcecode.swift; path = BTProgressView.swift; sourceTree = "<group>"; };
/* End PBXFileReference section */

/* Begin PBXFrameworksBuildPhase section */
		6C7DEA1221D5FFF3008E9A7A /* Frameworks */ = {
			isa = PBXFrameworksBuildPhase;
			buildActionMask = 2147483647;
			files = (
				FECADD3A230EA554000BDFCE /* BTProgressView.framework in Frameworks */,
			);
			runOnlyForDeploymentPostprocessing = 0;
		};
		6C7DEA2621D5FFF5008E9A7A /* Frameworks */ = {
			isa = PBXFrameworksBuildPhase;
			buildActionMask = 2147483647;
			files = (
			);
			runOnlyForDeploymentPostprocessing = 0;
		};
		FECADD30230EA554000BDFCE /* Frameworks */ = {
			isa = PBXFrameworksBuildPhase;
			buildActionMask = 2147483647;
			files = (
			);
			runOnlyForDeploymentPostprocessing = 0;
		};
/* End PBXFrameworksBuildPhase section */

/* Begin PBXGroup section */
		6C7DEA0C21D5FFF3008E9A7A = {
			isa = PBXGroup;
			children = (
				FECADD34230EA554000BDFCE /* BTProgressView */,
				6C7DEA1721D5FFF3008E9A7A /* BTProgressViewExample */,
				6C7DEA2C21D5FFF5008E9A7A /* BTProgressViewExampleTests */,
				6C7DEA1621D5FFF3008E9A7A /* Products */,
			);
			sourceTree = "<group>";
		};
		6C7DEA1621D5FFF3008E9A7A /* Products */ = {
			isa = PBXGroup;
			children = (
				6C7DEA1521D5FFF3008E9A7A /* BTProgressViewExample.app */,
				6C7DEA2921D5FFF5008E9A7A /* BTProgressViewExampleTests.xctest */,
				FECADD33230EA554000BDFCE /* BTProgressView.framework */,
			);
			name = Products;
			sourceTree = "<group>";
		};
		6C7DEA1721D5FFF3008E9A7A /* BTProgressViewExample */ = {
			isa = PBXGroup;
			children = (
				6C7DEA1821D5FFF3008E9A7A /* AppDelegate.swift */,
				6C7DEA1A21D5FFF3008E9A7A /* ViewController.swift */,
				6C7DEA1C21D5FFF3008E9A7A /* Main.storyboard */,
				6C7DEA1F21D5FFF5008E9A7A /* Assets.xcassets */,
				6C7DEA2121D5FFF5008E9A7A /* LaunchScreen.storyboard */,
				6C7DEA2421D5FFF5008E9A7A /* Info.plist */,
			);
			path = BTProgressViewExample;
			sourceTree = "<group>";
		};
		6C7DEA2C21D5FFF5008E9A7A /* BTProgressViewExampleTests */ = {
			isa = PBXGroup;
			children = (
				6C7DEA2D21D5FFF5008E9A7A /* BTProgressViewExampleTests.swift */,
				6C7DEA2F21D5FFF5008E9A7A /* Info.plist */,
			);
			path = BTProgressViewExampleTests;
			sourceTree = "<group>";
		};
		FECADD34230EA554000BDFCE /* BTProgressView */ = {
			isa = PBXGroup;
			children = (
				FE46277022E44A8100E880D1 /* CALayerExtension.swift */,
				FE721A9822F7557200986E3F /* Path.swift */,
				FECADD46230EAB0A000BDFCE /* BTProgressView.swift */,
				6C8920E221E5FE7900322BC0 /* ProgressIconAnimation.swift */,
				6C9C75B221E4A18D000D41F8 /* ProgressBarAnimation.swift */,
				6CEDE9A121E73C5400797AEA /* ProgressComputation.swift */,
				FECADD35230EA554000BDFCE /* BTProgressView.h */,
				FECADD36230EA554000BDFCE /* Info.plist */,
			);
			path = BTProgressView;
			sourceTree = "<group>";
		};
/* End PBXGroup section */

/* Begin PBXHeadersBuildPhase section */
		FECADD2E230EA554000BDFCE /* Headers */ = {
			isa = PBXHeadersBuildPhase;
			buildActionMask = 2147483647;
			files = (
				FECADD37230EA554000BDFCE /* BTProgressView.h in Headers */,
			);
			runOnlyForDeploymentPostprocessing = 0;
		};
/* End PBXHeadersBuildPhase section */

/* Begin PBXNativeTarget section */
		6C7DEA1421D5FFF3008E9A7A /* BTProgressViewExample */ = {
			isa = PBXNativeTarget;
			buildConfigurationList = 6C7DEA3221D5FFF5008E9A7A /* Build configuration list for PBXNativeTarget "BTProgressViewExample" */;
			buildPhases = (
				6C7DEA1121D5FFF3008E9A7A /* Sources */,
				6C7DEA1221D5FFF3008E9A7A /* Frameworks */,
				6C7DEA1321D5FFF3008E9A7A /* Resources */,
				FECADD3F230EA554000BDFCE /* Embed Frameworks */,
			);
			buildRules = (
			);
			dependencies = (
				FECADD39230EA554000BDFCE /* PBXTargetDependency */,
			);
			name = BTProgressViewExample;
			productName = BTDownloadingBounceEffect;
			productReference = 6C7DEA1521D5FFF3008E9A7A /* BTProgressViewExample.app */;
			productType = "com.apple.product-type.application";
		};
		6C7DEA2821D5FFF5008E9A7A /* BTProgressViewExampleTests */ = {
			isa = PBXNativeTarget;
			buildConfigurationList = 6C7DEA3521D5FFF5008E9A7A /* Build configuration list for PBXNativeTarget "BTProgressViewExampleTests" */;
			buildPhases = (
				6C7DEA2521D5FFF5008E9A7A /* Sources */,
				6C7DEA2621D5FFF5008E9A7A /* Frameworks */,
				6C7DEA2721D5FFF5008E9A7A /* Resources */,
			);
			buildRules = (
			);
			dependencies = (
				6C7DEA2B21D5FFF5008E9A7A /* PBXTargetDependency */,
			);
			name = BTProgressViewExampleTests;
			productName = BTDownloadingBounceEffectTests;
			productReference = 6C7DEA2921D5FFF5008E9A7A /* BTProgressViewExampleTests.xctest */;
			productType = "com.apple.product-type.bundle.unit-test";
		};
		FECADD32230EA554000BDFCE /* BTProgressView */ = {
			isa = PBXNativeTarget;
			buildConfigurationList = FECADD3E230EA554000BDFCE /* Build configuration list for PBXNativeTarget "BTProgressView" */;
			buildPhases = (
				FECADD2E230EA554000BDFCE /* Headers */,
				FECADD2F230EA554000BDFCE /* Sources */,
				FECADD30230EA554000BDFCE /* Frameworks */,
				FECADD31230EA554000BDFCE /* Resources */,
			);
			buildRules = (
			);
			dependencies = (
			);
			name = BTProgressView;
			productName = BTProgressView;
			productReference = FECADD33230EA554000BDFCE /* BTProgressView.framework */;
			productType = "com.apple.product-type.framework";
		};
/* End PBXNativeTarget section */

/* Begin PBXProject section */
		6C7DEA0D21D5FFF3008E9A7A /* Project object */ = {
			isa = PBXProject;
			attributes = {
				LastSwiftUpdateCheck = 1010;
				LastUpgradeCheck = 1010;
				ORGANIZATIONNAME = "Dhawal Dawar";
				TargetAttributes = {
					6C7DEA1421D5FFF3008E9A7A = {
						CreatedOnToolsVersion = 10.1;
					};
					6C7DEA2821D5FFF5008E9A7A = {
						CreatedOnToolsVersion = 10.1;
						TestTargetID = 6C7DEA1421D5FFF3008E9A7A;
					};
					FECADD32230EA554000BDFCE = {
						CreatedOnToolsVersion = 10.2;
					};
				};
			};
			buildConfigurationList = 6C7DEA1021D5FFF3008E9A7A /* Build configuration list for PBXProject "BTProgressViewExample" */;
			compatibilityVersion = "Xcode 9.3";
			developmentRegion = en;
			hasScannedForEncodings = 0;
			knownRegions = (
				en,
				Base,
			);
			mainGroup = 6C7DEA0C21D5FFF3008E9A7A;
			productRefGroup = 6C7DEA1621D5FFF3008E9A7A /* Products */;
			projectDirPath = "";
			projectRoot = "";
			targets = (
				6C7DEA1421D5FFF3008E9A7A /* BTProgressViewExample */,
				6C7DEA2821D5FFF5008E9A7A /* BTProgressViewExampleTests */,
				FECADD32230EA554000BDFCE /* BTProgressView */,
			);
		};
/* End PBXProject section */

/* Begin PBXResourcesBuildPhase section */
		6C7DEA1321D5FFF3008E9A7A /* Resources */ = {
			isa = PBXResourcesBuildPhase;
			buildActionMask = 2147483647;
			files = (
				6C7DEA2321D5FFF5008E9A7A /* LaunchScreen.storyboard in Resources */,
				6C7DEA2021D5FFF5008E9A7A /* Assets.xcassets in Resources */,
				6C7DEA1E21D5FFF3008E9A7A /* Main.storyboard in Resources */,
			);
			runOnlyForDeploymentPostprocessing = 0;
		};
		6C7DEA2721D5FFF5008E9A7A /* Resources */ = {
			isa = PBXResourcesBuildPhase;
			buildActionMask = 2147483647;
			files = (
			);
			runOnlyForDeploymentPostprocessing = 0;
		};
		FECADD31230EA554000BDFCE /* Resources */ = {
			isa = PBXResourcesBuildPhase;
			buildActionMask = 2147483647;
			files = (
			);
			runOnlyForDeploymentPostprocessing = 0;
		};
/* End PBXResourcesBuildPhase section */

/* Begin PBXSourcesBuildPhase section */
		6C7DEA1121D5FFF3008E9A7A /* Sources */ = {
			isa = PBXSourcesBuildPhase;
			buildActionMask = 2147483647;
			files = (
				6C7DEA1B21D5FFF3008E9A7A /* ViewController.swift in Sources */,
				6C7DEA1921D5FFF3008E9A7A /* AppDelegate.swift in Sources */,
			);
			runOnlyForDeploymentPostprocessing = 0;
		};
		6C7DEA2521D5FFF5008E9A7A /* Sources */ = {
			isa = PBXSourcesBuildPhase;
			buildActionMask = 2147483647;
			files = (
				6C7DEA2E21D5FFF5008E9A7A /* BTProgressViewExampleTests.swift in Sources */,
			);
			runOnlyForDeploymentPostprocessing = 0;
		};
		FECADD2F230EA554000BDFCE /* Sources */ = {
			isa = PBXSourcesBuildPhase;
			buildActionMask = 2147483647;
			files = (
				FECADD44230EA58F000BDFCE /* CALayerExtension.swift in Sources */,
				FECADD41230EA571000BDFCE /* ProgressComputation.swift in Sources */,
				FECADD47230EAB0A000BDFCE /* BTProgressView.swift in Sources */,
				FECADD42230EA571000BDFCE /* ProgressIconAnimation.swift in Sources */,
				FECADD45230EA58F000BDFCE /* Path.swift in Sources */,
				FECADD40230EA570000BDFCE /* ProgressBarAnimation.swift in Sources */,
			);
			runOnlyForDeploymentPostprocessing = 0;
		};
/* End PBXSourcesBuildPhase section */

/* Begin PBXTargetDependency section */
		6C7DEA2B21D5FFF5008E9A7A /* PBXTargetDependency */ = {
			isa = PBXTargetDependency;
			target = 6C7DEA1421D5FFF3008E9A7A /* BTProgressViewExample */;
			targetProxy = 6C7DEA2A21D5FFF5008E9A7A /* PBXContainerItemProxy */;
		};
		FECADD39230EA554000BDFCE /* PBXTargetDependency */ = {
			isa = PBXTargetDependency;
			target = FECADD32230EA554000BDFCE /* BTProgressView */;
			targetProxy = FECADD38230EA554000BDFCE /* PBXContainerItemProxy */;
		};
/* End PBXTargetDependency section */

/* Begin PBXVariantGroup section */
		6C7DEA1C21D5FFF3008E9A7A /* Main.storyboard */ = {
			isa = PBXVariantGroup;
			children = (
				6C7DEA1D21D5FFF3008E9A7A /* Base */,
			);
			name = Main.storyboard;
			sourceTree = "<group>";
		};
		6C7DEA2121D5FFF5008E9A7A /* LaunchScreen.storyboard */ = {
			isa = PBXVariantGroup;
			children = (
				6C7DEA2221D5FFF5008E9A7A /* Base */,
			);
			name = LaunchScreen.storyboard;
			sourceTree = "<group>";
		};
/* End PBXVariantGroup section */

/* Begin XCBuildConfiguration section */
		6C7DEA3021D5FFF5008E9A7A /* Debug */ = {
			isa = XCBuildConfiguration;
			buildSettings = {
				ALWAYS_SEARCH_USER_PATHS = NO;
				CLANG_ANALYZER_NONNULL = YES;
				CLANG_ANALYZER_NUMBER_OBJECT_CONVERSION = YES_AGGRESSIVE;
				CLANG_CXX_LANGUAGE_STANDARD = "gnu++14";
				CLANG_CXX_LIBRARY = "libc++";
				CLANG_ENABLE_MODULES = YES;
				CLANG_ENABLE_OBJC_ARC = YES;
				CLANG_ENABLE_OBJC_WEAK = YES;
				CLANG_WARN_BLOCK_CAPTURE_AUTORELEASING = YES;
				CLANG_WARN_BOOL_CONVERSION = YES;
				CLANG_WARN_COMMA = YES;
				CLANG_WARN_CONSTANT_CONVERSION = YES;
				CLANG_WARN_DEPRECATED_OBJC_IMPLEMENTATIONS = YES;
				CLANG_WARN_DIRECT_OBJC_ISA_USAGE = YES_ERROR;
				CLANG_WARN_DOCUMENTATION_COMMENTS = YES;
				CLANG_WARN_EMPTY_BODY = YES;
				CLANG_WARN_ENUM_CONVERSION = YES;
				CLANG_WARN_INFINITE_RECURSION = YES;
				CLANG_WARN_INT_CONVERSION = YES;
				CLANG_WARN_NON_LITERAL_NULL_CONVERSION = YES;
				CLANG_WARN_OBJC_IMPLICIT_RETAIN_SELF = YES;
				CLANG_WARN_OBJC_LITERAL_CONVERSION = YES;
				CLANG_WARN_OBJC_ROOT_CLASS = YES_ERROR;
				CLANG_WARN_RANGE_LOOP_ANALYSIS = YES;
				CLANG_WARN_STRICT_PROTOTYPES = YES;
				CLANG_WARN_SUSPICIOUS_MOVE = YES;
				CLANG_WARN_UNGUARDED_AVAILABILITY = YES_AGGRESSIVE;
				CLANG_WARN_UNREACHABLE_CODE = YES;
				CLANG_WARN__DUPLICATE_METHOD_MATCH = YES;
				CODE_SIGN_IDENTITY = "iPhone Developer";
				COPY_PHASE_STRIP = NO;
				DEBUG_INFORMATION_FORMAT = dwarf;
				ENABLE_STRICT_OBJC_MSGSEND = YES;
				ENABLE_TESTABILITY = YES;
				GCC_C_LANGUAGE_STANDARD = gnu11;
				GCC_DYNAMIC_NO_PIC = NO;
				GCC_NO_COMMON_BLOCKS = YES;
				GCC_OPTIMIZATION_LEVEL = 0;
				GCC_PREPROCESSOR_DEFINITIONS = (
					"DEBUG=1",
					"$(inherited)",
				);
				GCC_WARN_64_TO_32_BIT_CONVERSION = YES;
				GCC_WARN_ABOUT_RETURN_TYPE = YES_ERROR;
				GCC_WARN_UNDECLARED_SELECTOR = YES;
				GCC_WARN_UNINITIALIZED_AUTOS = YES_AGGRESSIVE;
				GCC_WARN_UNUSED_FUNCTION = YES;
				GCC_WARN_UNUSED_VARIABLE = YES;
				IPHONEOS_DEPLOYMENT_TARGET = 12.1;
				MTL_ENABLE_DEBUG_INFO = INCLUDE_SOURCE;
				MTL_FAST_MATH = YES;
				ONLY_ACTIVE_ARCH = YES;
				SDKROOT = iphoneos;
				SWIFT_ACTIVE_COMPILATION_CONDITIONS = DEBUG;
				SWIFT_OPTIMIZATION_LEVEL = "-Onone";
			};
			name = Debug;
		};
		6C7DEA3121D5FFF5008E9A7A /* Release */ = {
			isa = XCBuildConfiguration;
			buildSettings = {
				ALWAYS_SEARCH_USER_PATHS = NO;
				CLANG_ANALYZER_NONNULL = YES;
				CLANG_ANALYZER_NUMBER_OBJECT_CONVERSION = YES_AGGRESSIVE;
				CLANG_CXX_LANGUAGE_STANDARD = "gnu++14";
				CLANG_CXX_LIBRARY = "libc++";
				CLANG_ENABLE_MODULES = YES;
				CLANG_ENABLE_OBJC_ARC = YES;
				CLANG_ENABLE_OBJC_WEAK = YES;
				CLANG_WARN_BLOCK_CAPTURE_AUTORELEASING = YES;
				CLANG_WARN_BOOL_CONVERSION = YES;
				CLANG_WARN_COMMA = YES;
				CLANG_WARN_CONSTANT_CONVERSION = YES;
				CLANG_WARN_DEPRECATED_OBJC_IMPLEMENTATIONS = YES;
				CLANG_WARN_DIRECT_OBJC_ISA_USAGE = YES_ERROR;
				CLANG_WARN_DOCUMENTATION_COMMENTS = YES;
				CLANG_WARN_EMPTY_BODY = YES;
				CLANG_WARN_ENUM_CONVERSION = YES;
				CLANG_WARN_INFINITE_RECURSION = YES;
				CLANG_WARN_INT_CONVERSION = YES;
				CLANG_WARN_NON_LITERAL_NULL_CONVERSION = YES;
				CLANG_WARN_OBJC_IMPLICIT_RETAIN_SELF = YES;
				CLANG_WARN_OBJC_LITERAL_CONVERSION = YES;
				CLANG_WARN_OBJC_ROOT_CLASS = YES_ERROR;
				CLANG_WARN_RANGE_LOOP_ANALYSIS = YES;
				CLANG_WARN_STRICT_PROTOTYPES = YES;
				CLANG_WARN_SUSPICIOUS_MOVE = YES;
				CLANG_WARN_UNGUARDED_AVAILABILITY = YES_AGGRESSIVE;
				CLANG_WARN_UNREACHABLE_CODE = YES;
				CLANG_WARN__DUPLICATE_METHOD_MATCH = YES;
				CODE_SIGN_IDENTITY = "iPhone Developer";
				COPY_PHASE_STRIP = NO;
				DEBUG_INFORMATION_FORMAT = "dwarf-with-dsym";
				ENABLE_NS_ASSERTIONS = NO;
				ENABLE_STRICT_OBJC_MSGSEND = YES;
				GCC_C_LANGUAGE_STANDARD = gnu11;
				GCC_NO_COMMON_BLOCKS = YES;
				GCC_WARN_64_TO_32_BIT_CONVERSION = YES;
				GCC_WARN_ABOUT_RETURN_TYPE = YES_ERROR;
				GCC_WARN_UNDECLARED_SELECTOR = YES;
				GCC_WARN_UNINITIALIZED_AUTOS = YES_AGGRESSIVE;
				GCC_WARN_UNUSED_FUNCTION = YES;
				GCC_WARN_UNUSED_VARIABLE = YES;
				IPHONEOS_DEPLOYMENT_TARGET = 12.1;
				MTL_ENABLE_DEBUG_INFO = NO;
				MTL_FAST_MATH = YES;
				SDKROOT = iphoneos;
				SWIFT_COMPILATION_MODE = wholemodule;
				SWIFT_OPTIMIZATION_LEVEL = "-O";
				VALIDATE_PRODUCT = YES;
			};
			name = Release;
		};
		6C7DEA3321D5FFF5008E9A7A /* Debug */ = {
			isa = XCBuildConfiguration;
			buildSettings = {
				ALWAYS_EMBED_SWIFT_STANDARD_LIBRARIES = YES;
				ASSETCATALOG_COMPILER_APPICON_NAME = AppIcon;
				CODE_SIGN_STYLE = Automatic;
				DEVELOPMENT_TEAM = 27SM6HGC6Z;
				INFOPLIST_FILE = BTProgressViewExample/Info.plist;
				IPHONEOS_DEPLOYMENT_TARGET = 10.0;
				LD_RUNPATH_SEARCH_PATHS = (
					"$(inherited)",
					"@executable_path/Frameworks",
				);
				PRODUCT_BUNDLE_IDENTIFIER = come.BT.BTProgressViewExample;
				PRODUCT_NAME = "$(TARGET_NAME)";
				SWIFT_VERSION = 4.2;
				TARGETED_DEVICE_FAMILY = "1,2";
			};
			name = Debug;
		};
		6C7DEA3421D5FFF5008E9A7A /* Release */ = {
			isa = XCBuildConfiguration;
			buildSettings = {
				ALWAYS_EMBED_SWIFT_STANDARD_LIBRARIES = YES;
				ASSETCATALOG_COMPILER_APPICON_NAME = AppIcon;
				CODE_SIGN_STYLE = Automatic;
				DEVELOPMENT_TEAM = 27SM6HGC6Z;
				INFOPLIST_FILE = BTProgressViewExample/Info.plist;
				IPHONEOS_DEPLOYMENT_TARGET = 10.0;
				LD_RUNPATH_SEARCH_PATHS = (
					"$(inherited)",
					"@executable_path/Frameworks",
				);
				PRODUCT_BUNDLE_IDENTIFIER = come.BT.BTProgressViewExample;
				PRODUCT_NAME = "$(TARGET_NAME)";
				SWIFT_VERSION = 4.2;
				TARGETED_DEVICE_FAMILY = "1,2";
			};
			name = Release;
		};
		6C7DEA3621D5FFF5008E9A7A /* Debug */ = {
			isa = XCBuildConfiguration;
			buildSettings = {
				ALWAYS_EMBED_SWIFT_STANDARD_LIBRARIES = YES;
				BUNDLE_LOADER = "$(TEST_HOST)";
				CODE_SIGN_STYLE = Automatic;
				INFOPLIST_FILE = BTDownloadingBounceEffectTests/Info.plist;
				LD_RUNPATH_SEARCH_PATHS = (
					"$(inherited)",
					"@executable_path/Frameworks",
					"@loader_path/Frameworks",
				);
				PRODUCT_BUNDLE_IDENTIFIER = come.BT.BTDownloadingBounceEffectTests;
				PRODUCT_NAME = "$(TARGET_NAME)";
				SWIFT_VERSION = 4.2;
				TARGETED_DEVICE_FAMILY = "1,2";
				TEST_HOST = "$(BUILT_PRODUCTS_DIR)/BTProgressViewExample.app/BTProgressViewExample";
			};
			name = Debug;
		};
		6C7DEA3721D5FFF5008E9A7A /* Release */ = {
			isa = XCBuildConfiguration;
			buildSettings = {
				ALWAYS_EMBED_SWIFT_STANDARD_LIBRARIES = YES;
				BUNDLE_LOADER = "$(TEST_HOST)";
				CODE_SIGN_STYLE = Automatic;
				INFOPLIST_FILE = BTDownloadingBounceEffectTests/Info.plist;
				LD_RUNPATH_SEARCH_PATHS = (
					"$(inherited)",
					"@executable_path/Frameworks",
					"@loader_path/Frameworks",
				);
				PRODUCT_BUNDLE_IDENTIFIER = come.BT.BTDownloadingBounceEffectTests;
				PRODUCT_NAME = "$(TARGET_NAME)";
				SWIFT_VERSION = 4.2;
				TARGETED_DEVICE_FAMILY = "1,2";
				TEST_HOST = "$(BUILT_PRODUCTS_DIR)/BTProgressViewExample.app/BTProgressViewExample";
			};
			name = Release;
		};
		FECADD3C230EA554000BDFCE /* Debug */ = {
			isa = XCBuildConfiguration;
			buildSettings = {
				CODE_SIGN_IDENTITY = "";
				CODE_SIGN_STYLE = Automatic;
				CURRENT_PROJECT_VERSION = 1;
				DEFINES_MODULE = YES;
				DYLIB_COMPATIBILITY_VERSION = 1;
				DYLIB_CURRENT_VERSION = 1;
				DYLIB_INSTALL_NAME_BASE = "@rpath";
				INFOPLIST_FILE = BTProgressView/Info.plist;
				INSTALL_PATH = "$(LOCAL_LIBRARY_DIR)/Frameworks";
				IPHONEOS_DEPLOYMENT_TARGET = 10.0;
				LD_RUNPATH_SEARCH_PATHS = (
					"$(inherited)",
					"@executable_path/Frameworks",
					"@loader_path/Frameworks",
				);
				PRODUCT_BUNDLE_IDENTIFIER = com.google.jacquard.BTProgressView;
				PRODUCT_NAME = "$(TARGET_NAME:c99extidentifier)";
				SKIP_INSTALL = YES;
				SWIFT_VERSION = 5.0;
				TARGETED_DEVICE_FAMILY = "1,2";
				VERSIONING_SYSTEM = "apple-generic";
				VERSION_INFO_PREFIX = "";
			};
			name = Debug;
		};
		FECADD3D230EA554000BDFCE /* Release */ = {
			isa = XCBuildConfiguration;
			buildSettings = {
				CODE_SIGN_IDENTITY = "";
				CODE_SIGN_STYLE = Automatic;
				CURRENT_PROJECT_VERSION = 1;
				DEFINES_MODULE = YES;
				DYLIB_COMPATIBILITY_VERSION = 1;
				DYLIB_CURRENT_VERSION = 1;
				DYLIB_INSTALL_NAME_BASE = "@rpath";
				INFOPLIST_FILE = BTProgressView/Info.plist;
				INSTALL_PATH = "$(LOCAL_LIBRARY_DIR)/Frameworks";
				IPHONEOS_DEPLOYMENT_TARGET = 10.0;
				LD_RUNPATH_SEARCH_PATHS = (
					"$(inherited)",
					"@executable_path/Frameworks",
					"@loader_path/Frameworks",
				);
				PRODUCT_BUNDLE_IDENTIFIER = com.google.jacquard.BTProgressView;
				PRODUCT_NAME = "$(TARGET_NAME:c99extidentifier)";
				SKIP_INSTALL = YES;
				SWIFT_VERSION = 5.0;
				TARGETED_DEVICE_FAMILY = "1,2";
				VERSIONING_SYSTEM = "apple-generic";
				VERSION_INFO_PREFIX = "";
			};
			name = Release;
		};
/* End XCBuildConfiguration section */

/* Begin XCConfigurationList section */
		6C7DEA1021D5FFF3008E9A7A /* Build configuration list for PBXProject "BTProgressViewExample" */ = {
			isa = XCConfigurationList;
			buildConfigurations = (
				6C7DEA3021D5FFF5008E9A7A /* Debug */,
				6C7DEA3121D5FFF5008E9A7A /* Release */,
			);
			defaultConfigurationIsVisible = 0;
			defaultConfigurationName = Release;
		};
		6C7DEA3221D5FFF5008E9A7A /* Build configuration list for PBXNativeTarget "BTProgressViewExample" */ = {
			isa = XCConfigurationList;
			buildConfigurations = (
				6C7DEA3321D5FFF5008E9A7A /* Debug */,
				6C7DEA3421D5FFF5008E9A7A /* Release */,
			);
			defaultConfigurationIsVisible = 0;
			defaultConfigurationName = Release;
		};
		6C7DEA3521D5FFF5008E9A7A /* Build configuration list for PBXNativeTarget "BTProgressViewExampleTests" */ = {
			isa = XCConfigurationList;
			buildConfigurations = (
				6C7DEA3621D5FFF5008E9A7A /* Debug */,
				6C7DEA3721D5FFF5008E9A7A /* Release */,
			);
			defaultConfigurationIsVisible = 0;
			defaultConfigurationName = Release;
		};
		FECADD3E230EA554000BDFCE /* Build configuration list for PBXNativeTarget "BTProgressView" */ = {
			isa = XCConfigurationList;
			buildConfigurations = (
				FECADD3C230EA554000BDFCE /* Debug */,
				FECADD3D230EA554000BDFCE /* Release */,
			);
			defaultConfigurationIsVisible = 0;
			defaultConfigurationName = Release;
		};
/* End XCConfigurationList section */
	};
	rootObject = 6C7DEA0D21D5FFF3008E9A7A /* Project object */;
}
